// !$*UTF8*$!
{
	archiveVersion = 1;
	classes = {
	};
	objectVersion = 48;
	objects = {

/* Begin PBXBuildFile section */
		08870A2D1F5FFBD6000A5314 /* AppDelegate.swift in Sources */ = {isa = PBXBuildFile; fileRef = 08870A2C1F5FFBD6000A5314 /* AppDelegate.swift */; };
		08870A2F1F5FFBD6000A5314 /* ViewController.swift in Sources */ = {isa = PBXBuildFile; fileRef = 08870A2E1F5FFBD6000A5314 /* ViewController.swift */; };
		08870A321F5FFBD6000A5314 /* Main.storyboard in Resources */ = {isa = PBXBuildFile; fileRef = 08870A301F5FFBD6000A5314 /* Main.storyboard */; };
		08870A341F5FFBD6000A5314 /* Assets.xcassets in Resources */ = {isa = PBXBuildFile; fileRef = 08870A331F5FFBD6000A5314 /* Assets.xcassets */; };
		08870A371F5FFBD6000A5314 /* LaunchScreen.storyboard in Resources */ = {isa = PBXBuildFile; fileRef = 08870A351F5FFBD6000A5314 /* LaunchScreen.storyboard */; };
		08870A3F1F600413000A5314 /* PixarQuestionsViewController.swift in Sources */ = {isa = PBXBuildFile; fileRef = 08870A3E1F600413000A5314 /* PixarQuestionsViewController.swift */; };
		08870A411F600C39000A5314 /* Question.swift in Sources */ = {isa = PBXBuildFile; fileRef = 08870A401F600C39000A5314 /* Question.swift */; };
		08870A431F611762000A5314 /* ResultViewController.swift in Sources */ = {isa = PBXBuildFile; fileRef = 08870A421F611762000A5314 /* ResultViewController.swift */; };
/* End PBXBuildFile section */

/* Begin PBXFileReference section */
		08870A291F5FFBD6000A5314 /* PixarMultipleChoices.app */ = {isa = PBXFileReference; explicitFileType = wrapper.application; includeInIndex = 0; path = PixarMultipleChoices.app; sourceTree = BUILT_PRODUCTS_DIR; };
		08870A2C1F5FFBD6000A5314 /* AppDelegate.swift */ = {isa = PBXFileReference; lastKnownFileType = sourcecode.swift; path = AppDelegate.swift; sourceTree = "<group>"; };
		08870A2E1F5FFBD6000A5314 /* ViewController.swift */ = {isa = PBXFileReference; lastKnownFileType = sourcecode.swift; path = ViewController.swift; sourceTree = "<group>"; };
		08870A311F5FFBD6000A5314 /* Base */ = {isa = PBXFileReference; lastKnownFileType = file.storyboard; name = Base; path = Base.lproj/Main.storyboard; sourceTree = "<group>"; };
		08870A331F5FFBD6000A5314 /* Assets.xcassets */ = {isa = PBXFileReference; lastKnownFileType = folder.assetcatalog; path = Assets.xcassets; sourceTree = "<group>"; };
		08870A361F5FFBD6000A5314 /* Base */ = {isa = PBXFileReference; lastKnownFileType = file.storyboard; name = Base; path = Base.lproj/LaunchScreen.storyboard; sourceTree = "<group>"; };
		08870A381F5FFBD6000A5314 /* Info.plist */ = {isa = PBXFileReference; lastKnownFileType = text.plist.xml; path = Info.plist; sourceTree = "<group>"; };
		08870A3E1F600413000A5314 /* PixarQuestionsViewController.swift */ = {isa = PBXFileReference; lastKnownFileType = sourcecode.swift; path = PixarQuestionsViewController.swift; sourceTree = "<group>"; };
		08870A401F600C39000A5314 /* Question.swift */ = {isa = PBXFileReference; lastKnownFileType = sourcecode.swift; path = Question.swift; sourceTree = "<group>"; };
		08870A421F611762000A5314 /* ResultViewController.swift */ = {isa = PBXFileReference; lastKnownFileType = sourcecode.swift; path = ResultViewController.swift; sourceTree = "<group>"; };
/* End PBXFileReference section */

/* Begin PBXFrameworksBuildPhase section */
		08870A261F5FFBD6000A5314 /* Frameworks */ = {
			isa = PBXFrameworksBuildPhase;
			buildActionMask = 2147483647;
			files = (
			);
			runOnlyForDeploymentPostprocessing = 0;
		};
/* End PBXFrameworksBuildPhase section */

/* Begin PBXGroup section */
		08870A201F5FFBD6000A5314 = {
			isa = PBXGroup;
			children = (
				08870A2B1F5FFBD6000A5314 /* PixarMultipleChoices */,
				08870A2A1F5FFBD6000A5314 /* Products */,
			);
			sourceTree = "<group>";
		};
		08870A2A1F5FFBD6000A5314 /* Products */ = {
			isa = PBXGroup;
			children = (
				08870A291F5FFBD6000A5314 /* PixarMultipleChoices.app */,
			);
			name = Products;
			sourceTree = "<group>";
		};
		08870A2B1F5FFBD6000A5314 /* PixarMultipleChoices */ = {
			isa = PBXGroup;
			children = (
				08870A2C1F5FFBD6000A5314 /* AppDelegate.swift */,
				08870A2E1F5FFBD6000A5314 /* ViewController.swift */,
				08870A301F5FFBD6000A5314 /* Main.storyboard */,
				08870A421F611762000A5314 /* ResultViewController.swift */,
				08870A401F600C39000A5314 /* Question.swift */,
				08870A3E1F600413000A5314 /* PixarQuestionsViewController.swift */,
				08870A331F5FFBD6000A5314 /* Assets.xcassets */,
				08870A351F5FFBD6000A5314 /* LaunchScreen.storyboard */,
				08870A381F5FFBD6000A5314 /* Info.plist */,
			);
			path = PixarMultipleChoices;
			sourceTree = "<group>";
		};
/* End PBXGroup section */

/* Begin PBXNativeTarget section */
		08870A281F5FFBD6000A5314 /* PixarMultipleChoices */ = {
			isa = PBXNativeTarget;
			buildConfigurationList = 08870A3B1F5FFBD6000A5314 /* Build configuration list for PBXNativeTarget "PixarMultipleChoices" */;
			buildPhases = (
				08870A251F5FFBD6000A5314 /* Sources */,
				08870A261F5FFBD6000A5314 /* Frameworks */,
				08870A271F5FFBD6000A5314 /* Resources */,
			);
			buildRules = (
			);
			dependencies = (
			);
			name = PixarMultipleChoices;
			productName = PixarMultipleChoices;
			productReference = 08870A291F5FFBD6000A5314 /* PixarMultipleChoices.app */;
			productType = "com.apple.product-type.application";
		};
/* End PBXNativeTarget section */

/* Begin PBXProject section */
		08870A211F5FFBD6000A5314 /* Project object */ = {
			isa = PBXProject;
			attributes = {
				LastSwiftUpdateCheck = 0900;
				LastUpgradeCheck = 0900;
				ORGANIZATIONNAME = Lynne;
				TargetAttributes = {
					08870A281F5FFBD6000A5314 = {
						CreatedOnToolsVersion = 9.0;
					};
				};
			};
			buildConfigurationList = 08870A241F5FFBD6000A5314 /* Build configuration list for PBXProject "PixarMultipleChoices" */;
			compatibilityVersion = "Xcode 8.0";
			developmentRegion = en;
			hasScannedForEncodings = 0;
			knownRegions = (
				en,
				Base,
			);
			mainGroup = 08870A201F5FFBD6000A5314;
			productRefGroup = 08870A2A1F5FFBD6000A5314 /* Products */;
			projectDirPath = "";
			projectRoot = "";
			targets = (
				08870A281F5FFBD6000A5314 /* PixarMultipleChoices */,
			);
		};
/* End PBXProject section */

/* Begin PBXResourcesBuildPhase section */
		08870A271F5FFBD6000A5314 /* Resources */ = {
			isa = PBXResourcesBuildPhase;
			buildActionMask = 2147483647;
			files = (
				08870A371F5FFBD6000A5314 /* LaunchScreen.storyboard in Resources */,
				08870A341F5FFBD6000A5314 /* Assets.xcassets in Resources */,
				08870A321F5FFBD6000A5314 /* Main.storyboard in Resources */,
			);
			runOnlyForDeploymentPostprocessing = 0;
		};
/* End PBXResourcesBuildPhase section */

/* Begin PBXSourcesBuildPhase section */
		08870A251F5FFBD6000A5314 /* Sources */ = {
			isa = PBXSourcesBuildPhase;
			buildActionMask = 2147483647;
			files = (
				08870A431F611762000A5314 /* ResultViewController.swift in Sources */,
				08870A2F1F5FFBD6000A5314 /* ViewController.swift in Sources */,
				08870A411F600C39000A5314 /* Question.swift in Sources */,
				08870A3F1F600413000A5314 /* PixarQuestionsViewController.swift in Sources */,
				08870A2D1F5FFBD6000A5314 /* AppDelegate.swift in Sources */,
			);
			runOnlyForDeploymentPostprocessing = 0;
		};
/* End PBXSourcesBuildPhase section */

/* Begin PBXVariantGroup section */
		08870A301F5FFBD6000A5314 /* Main.storyboard */ = {
			isa = PBXVariantGroup;
			children = (
				08870A311F5FFBD6000A5314 /* Base */,
			);
			name = Main.storyboard;
			sourceTree = "<group>";
		};
		08870A351F5FFBD6000A5314 /* LaunchScreen.storyboard */ = {
			isa = PBXVariantGroup;
			children = (
				08870A361F5FFBD6000A5314 /* Base */,
			);
			name = LaunchScreen.storyboard;
			sourceTree = "<group>";
		};
/* End PBXVariantGroup section */

/* Begin XCBuildConfiguration section */
		08870A391F5FFBD6000A5314 /* Debug */ = {
			isa = XCBuildConfiguration;
			buildSettings = {
				ALWAYS_SEARCH_USER_PATHS = NO;
				CLANG_ANALYZER_NONNULL = YES;
				CLANG_ANALYZER_NUMBER_OBJECT_CONVERSION = YES_AGGRESSIVE;
				CLANG_CXX_LANGUAGE_STANDARD = "gnu++14";
				CLANG_CXX_LIBRARY = "libc++";
				CLANG_ENABLE_MODULES = YES;
				CLANG_ENABLE_OBJC_ARC = YES;
				CLANG_WARN_BLOCK_CAPTURE_AUTORELEASING = YES;
				CLANG_WARN_BOOL_CONVERSION = YES;
				CLANG_WARN_COMMA = YES;
				CLANG_WARN_CONSTANT_CONVERSION = YES;
				CLANG_WARN_DIRECT_OBJC_ISA_USAGE = YES_ERROR;
				CLANG_WARN_DOCUMENTATION_COMMENTS = YES;
				CLANG_WARN_EMPTY_BODY = YES;
				CLANG_WARN_ENUM_CONVERSION = YES;
				CLANG_WARN_INFINITE_RECURSION = YES;
				CLANG_WARN_INT_CONVERSION = YES;
				CLANG_WARN_NON_LITERAL_NULL_CONVERSION = YES;
				CLANG_WARN_OBJC_LITERAL_CONVERSION = YES;
				CLANG_WARN_OBJC_ROOT_CLASS = YES_ERROR;
				CLANG_WARN_RANGE_LOOP_ANALYSIS = YES;
				CLANG_WARN_STRICT_PROTOTYPES = YES;
				CLANG_WARN_SUSPICIOUS_MOVE = YES;
				CLANG_WARN_UNGUARDED_AVAILABILITY = YES_AGGRESSIVE;
				CLANG_WARN_UNREACHABLE_CODE = YES;
				CLANG_WARN__DUPLICATE_METHOD_MATCH = YES;
				CODE_SIGN_IDENTITY = "iPhone Developer";
				COPY_PHASE_STRIP = NO;
				DEBUG_INFORMATION_FORMAT = dwarf;
				ENABLE_STRICT_OBJC_MSGSEND = YES;
				ENABLE_TESTABILITY = YES;
				GCC_C_LANGUAGE_STANDARD = gnu11;
				GCC_DYNAMIC_NO_PIC = NO;
				GCC_NO_COMMON_BLOCKS = YES;
				GCC_OPTIMIZATION_LEVEL = 0;
				GCC_PREPROCESSOR_DEFINITIONS = (
					"DEBUG=1",
					"$(inherited)",
				);
				GCC_WARN_64_TO_32_BIT_CONVERSION = YES;
				GCC_WARN_ABOUT_RETURN_TYPE = YES_ERROR;
				GCC_WARN_UNDECLARED_SELECTOR = YES;
				GCC_WARN_UNINITIALIZED_AUTOS = YES_AGGRESSIVE;
				GCC_WARN_UNUSED_FUNCTION = YES;
				GCC_WARN_UNUSED_VARIABLE = YES;
				IPHONEOS_DEPLOYMENT_TARGET = 11.0;
				MTL_ENABLE_DEBUG_INFO = YES;
				ONLY_ACTIVE_ARCH = YES;
				SDKROOT = iphoneos;
				SWIFT_ACTIVE_COMPILATION_CONDITIONS = DEBUG;
				SWIFT_OPTIMIZATION_LEVEL = "-Onone";
			};
			name = Debug;
		};
		08870A3A1F5FFBD6000A5314 /* Release */ = {
			isa = XCBuildConfiguration;
			buildSettings = {
				ALWAYS_SEARCH_USER_PATHS = NO;
				CLANG_ANALYZER_NONNULL = YES;
				CLANG_ANALYZER_NUMBER_OBJECT_CONVERSION = YES_AGGRESSIVE;
				CLANG_CXX_LANGUAGE_STANDARD = "gnu++14";
				CLANG_CXX_LIBRARY = "libc++";
				CLANG_ENABLE_MODULES = YES;
				CLANG_ENABLE_OBJC_ARC = YES;
				CLANG_WARN_BLOCK_CAPTURE_AUTORELEASING = YES;
				CLANG_WARN_BOOL_CONVERSION = YES;
				CLANG_WARN_COMMA = YES;
				CLANG_WARN_CONSTANT_CONVERSION = YES;
				CLANG_WARN_DIRECT_OBJC_ISA_USAGE = YES_ERROR;
				CLANG_WARN_DOCUMENTATION_COMMENTS = YES;
				CLANG_WARN_EMPTY_BODY = YES;
				CLANG_WARN_ENUM_CONVERSION = YES;
				CLANG_WARN_INFINITE_RECURSION = YES;
				CLANG_WARN_INT_CONVERSION = YES;
				CLANG_WARN_NON_LITERAL_NULL_CONVERSION = YES;
				CLANG_WARN_OBJC_LITERAL_CONVERSION = YES;
				CLANG_WARN_OBJC_ROOT_CLASS = YES_ERROR;
				CLANG_WARN_RANGE_LOOP_ANALYSIS = YES;
				CLANG_WARN_STRICT_PROTOTYPES = YES;
				CLANG_WARN_SUSPICIOUS_MOVE = YES;
				CLANG_WARN_UNGUARDED_AVAILABILITY = YES_AGGRESSIVE;
				CLANG_WARN_UNREACHABLE_CODE = YES;
				CLANG_WARN__DUPLICATE_METHOD_MATCH = YES;
				CODE_SIGN_IDENTITY = "iPhone Developer";
				COPY_PHASE_STRIP = NO;
				DEBUG_INFORMATION_FORMAT = "dwarf-with-dsym";
				ENABLE_NS_ASSERTIONS = NO;
				ENABLE_STRICT_OBJC_MSGSEND = YES;
				GCC_C_LANGUAGE_STANDARD = gnu11;
				GCC_NO_COMMON_BLOCKS = YES;
				GCC_WARN_64_TO_32_BIT_CONVERSION = YES;
				GCC_WARN_ABOUT_RETURN_TYPE = YES_ERROR;
				GCC_WARN_UNDECLARED_SELECTOR = YES;
				GCC_WARN_UNINITIALIZED_AUTOS = YES_AGGRESSIVE;
				GCC_WARN_UNUSED_FUNCTION = YES;
				GCC_WARN_UNUSED_VARIABLE = YES;
				IPHONEOS_DEPLOYMENT_TARGET = 11.0;
				MTL_ENABLE_DEBUG_INFO = NO;
				SDKROOT = iphoneos;
				SWIFT_OPTIMIZATION_LEVEL = "-Owholemodule";
				VALIDATE_PRODUCT = YES;
			};
			name = Release;
		};
		08870A3C1F5FFBD6000A5314 /* Debug */ = {
			isa = XCBuildConfiguration;
			buildSettings = {
				ASSETCATALOG_COMPILER_APPICON_NAME = AppIcon;
				DEVELOPMENT_TEAM = GWM23AX48D;
				INFOPLIST_FILE = PixarMultipleChoices/Info.plist;
				LD_RUNPATH_SEARCH_PATHS = "$(inherited) @executable_path/Frameworks";
				PRODUCT_BUNDLE_IDENTIFIER = LynneTaiwan.0417.PixarMultipleChoices;
				PRODUCT_NAME = "$(TARGET_NAME)";
				SWIFT_VERSION = 4.0;
				TARGETED_DEVICE_FAMILY = "1,2";
			};
			name = Debug;
		};
		08870A3D1F5FFBD6000A5314 /* Release */ = {
			isa = XCBuildConfiguration;
			buildSettings = {
				ASSETCATALOG_COMPILER_APPICON_NAME = AppIcon;
				DEVELOPMENT_TEAM = GWM23AX48D;
				INFOPLIST_FILE = PixarMultipleChoices/Info.plist;
				LD_RUNPATH_SEARCH_PATHS = "$(inherited) @executable_path/Frameworks";
				PRODUCT_BUNDLE_IDENTIFIER = LynneTaiwan.0417.PixarMultipleChoices;
				PRODUCT_NAME = "$(TARGET_NAME)";
				SWIFT_VERSION = 4.0;
				TARGETED_DEVICE_FAMILY = "1,2";
			};
			name = Release;
		};
/* End XCBuildConfiguration section */

/* Begin XCConfigurationList section */
		08870A241F5FFBD6000A5314 /* Build configuration list for PBXProject "PixarMultipleChoices" */ = {
			isa = XCConfigurationList;
			buildConfigurations = (
				08870A391F5FFBD6000A5314 /* Debug */,
				08870A3A1F5FFBD6000A5314 /* Release */,
			);
			defaultConfigurationIsVisible = 0;
			defaultConfigurationName = Release;
		};
		08870A3B1F5FFBD6000A5314 /* Build configuration list for PBXNativeTarget "PixarMultipleChoices" */ = {
			isa = XCConfigurationList;
			buildConfigurations = (
				08870A3C1F5FFBD6000A5314 /* Debug */,
				08870A3D1F5FFBD6000A5314 /* Release */,
			);
			defaultConfigurationIsVisible = 0;
			defaultConfigurationName = Release;
		};
/* End XCConfigurationList section */
	};
	rootObject = 08870A211F5FFBD6000A5314 /* Project object */;
}
